
Microsoft Visual Studio Solution File, Format Version 12.00
# Visual Studio Version 17
VisualStudioVersion = 17.7.34031.279
MinimumVisualStudioVersion = 10.0.40219.1
Project("{FAE04EC0-301F-11D3-BF4B-00C04F79EFBC}") = "CalculadoraForms", "CalculadoraForms.csproj", "{A3B6B125-F404-42B1-8FCA-E6913A89A302}"
EndProject
Global
	GlobalSection(SolutionConfigurationPlatforms) = preSolution
		Debug|Any CPU = Debug|Any CPU
		Release|Any CPU = Release|Any CPU
	EndGlobalSection
	GlobalSection(ProjectConfigurationPlatforms) = postSolution
		{A3B6B125-F404-42B1-8FCA-E6913A89A302}.Debug|Any CPU.ActiveCfg = Debug|Any CPU
		{A3B6B125-F404-42B1-8FCA-E6913A89A302}.Debug|Any CPU.Build.0 = Debug|Any CPU
		{A3B6B125-F404-42B1-8FCA-E6913A89A302}.Release|Any CPU.ActiveCfg = Release|Any CPU
		{A3B6B125-F404-42B1-8FCA-E6913A89A302}.Release|Any CPU.Build.0 = Release|Any CPU
	EndGlobalSection
	GlobalSection(SolutionProperties) = preSolution
		HideSolutionNode = FALSE
	EndGlobalSection
	GlobalSection(ExtensibilityGlobals) = postSolution
		SolutionGuid = {0DB1190C-1572-4798-B00B-2EE3EF5D51F0}
	EndGlobalSection
EndGlobal
